# THIS IS AN AUTOGENERATED FILE. DO NOT EDIT THIS FILE DIRECTLY.
# yarn lockfile v1


draft-js-import-element@^1.2.1:
  version "1.2.1"
  resolved "https://registry.yarnpkg.com/draft-js-import-element/-/draft-js-import-element-1.2.1.tgz#9a6a56d74690d48d35d8d089564e6d710b4926eb"
  dependencies:
    draft-js-utils "^1.2.0"
    synthetic-dom "^1.2.0"

draft-js-utils@^1.2.0:
  version "1.2.0"
  resolved "https://registry.yarnpkg.com/draft-js-utils/-/draft-js-utils-1.2.0.tgz#f5cb23eb167325ffed3d79882fdc317721d2fd12"

synthetic-dom@^1.2.0:
  version "1.2.0"
  resolved "https://registry.yarnpkg.com/synthetic-dom/-/synthetic-dom-1.2.0.tgz#f3589aafe2b5e299f337bb32973a9be42dd5625e"
