# THIS IS AN AUTOGENERATED FILE. DO NOT EDIT THIS FILE DIRECTLY.
# yarn lockfile v1


"@hugoai/draft-js-utils@^1.2.1":
  version "1.2.1"
  resolved "https://registry.yarnpkg.com/@hugoai/draft-js-utils/-/draft-js-utils-1.2.1.tgz#fa2be76a06544676839bd7c2ee5055bb30f338b8"

synthetic-dom@^1.2.0:
  version "1.2.0"
  resolved "https://registry.yarnpkg.com/synthetic-dom/-/synthetic-dom-1.2.0.tgz#f3589aafe2b5e299f337bb32973a9be42dd5625e"
